Microsoft Visual Studio Solution File, Format Version 12.00
# Visual Studio Version 17
VisualStudioVersion = 17.13.35931.197 d17.13
MinimumVisualStudioVersion = 10.0.40219.1
Project("{FAE04EC0-301F-11D3-BF4B-00C04F79EFBC}") = "TheShop.AppHost", "TheShop.AppHost\TheShop.AppHost.csproj", "{D9820356-FC4B-4117-BC23-551C088C4473}"
EndProject
Project("{FAE04EC0-301F-11D3-BF4B-00C04F79EFBC}") = "TheShop.ServiceDefaults", "TheShop.ServiceDefaults\TheShop.ServiceDefaults.csproj", "{2BDD1269-7599-E631-F6E1-2AF26949593D}"
EndProject
Project("{2150E333-8FDC-42A3-9474-1A3956D46DE8}") = "Aspire", "Aspire", "{02EA681E-C7D8-13C7-8484-4AC65E1B71E8}"
EndProject
Project("{2150E333-8FDC-42A3-9474-1A3956D46DE8}") = "src", "src", "{78C1EF7A-6E67-4147-9185-4D9076FB41D8}"
EndProject
Project("{2150E333-8FDC-42A3-9474-1A3956D46DE8}") = "Backend", "Backend", "{215261AF-5DAE-479F-8C6B-4B38537B2E95}"
EndProject
Project("{2150E333-8FDC-42A3-9474-1A3956D46DE8}") = "Core", "Core", "{D8AB54DD-2FD9-4FCC-B12C-C43B90CF346D}"
EndProject
Project("{2150E333-8FDC-42A3-9474-1A3956D46DE8}") = "Infrastructure", "Infrastructure", "{C6772C01-CDA7-4200-84C6-3DCFCDF81D72}"
EndProject
Project("{FAE04EC0-301F-11D3-BF4B-00C04F79EFBC}") = "TheShop.Backend.Domain", "Backend\TheShop.Backend.Domain\TheShop.Backend.Domain.csproj", "{EFE12FAD-C226-4B96-AA89-A6C3C0924B87}"
EndProject
Project("{2150E333-8FDC-42A3-9474-1A3956D46DE8}") = "Shared", "Shared", "{6D52A9BB-66BC-41DD-994E-59EEE33EFD88}"
EndProject
Project("{FAE04EC0-301F-11D3-BF4B-00C04F79EFBC}") = "TheShop.Shared", "Shared\TheShop.Shared\TheShop.Shared.csproj", "{1E5943CA-F64F-40DC-B8BD-87CBB77E29A7}"
EndProject
Global
	GlobalSection(SolutionConfigurationPlatforms) = preSolution
		Debug|Any CPU = Debug|Any CPU
		Release|Any CPU = Release|Any CPU
	EndGlobalSection
	GlobalSection(ProjectConfigurationPlatforms) = postSolution
		{D9820356-FC4B-4117-BC23-551C088C4473}.Debug|Any CPU.ActiveCfg = Debug|Any CPU
		{D9820356-FC4B-4117-BC23-551C088C4473}.Debug|Any CPU.Build.0 = Debug|Any CPU
		{D9820356-FC4B-4117-BC23-551C088C4473}.Release|Any CPU.ActiveCfg = Release|Any CPU
		{D9820356-FC4B-4117-BC23-551C088C4473}.Release|Any CPU.Build.0 = Release|Any CPU
		{2BDD1269-7599-E631-F6E1-2AF26949593D}.Debug|Any CPU.ActiveCfg = Debug|Any CPU
		{2BDD1269-7599-E631-F6E1-2AF26949593D}.Debug|Any CPU.Build.0 = Debug|Any CPU
		{2BDD1269-7599-E631-F6E1-2AF26949593D}.Release|Any CPU.ActiveCfg = Release|Any CPU
		{2BDD1269-7599-E631-F6E1-2AF26949593D}.Release|Any CPU.Build.0 = Release|Any CPU
		{EFE12FAD-C226-4B96-AA89-A6C3C0924B87}.Debug|Any CPU.ActiveCfg = Debug|Any CPU
		{EFE12FAD-C226-4B96-AA89-A6C3C0924B87}.Debug|Any CPU.Build.0 = Debug|Any CPU
		{EFE12FAD-C226-4B96-AA89-A6C3C0924B87}.Release|Any CPU.ActiveCfg = Release|Any CPU
		{EFE12FAD-C226-4B96-AA89-A6C3C0924B87}.Release|Any CPU.Build.0 = Release|Any CPU
		{1E5943CA-F64F-40DC-B8BD-87CBB77E29A7}.Debug|Any CPU.ActiveCfg = Debug|Any CPU
		{1E5943CA-F64F-40DC-B8BD-87CBB77E29A7}.Debug|Any CPU.Build.0 = Debug|Any CPU
		{1E5943CA-F64F-40DC-B8BD-87CBB77E29A7}.Release|Any CPU.ActiveCfg = Release|Any CPU
		{1E5943CA-F64F-40DC-B8BD-87CBB77E29A7}.Release|Any CPU.Build.0 = Release|Any CPU
	EndGlobalSection
	GlobalSection(SolutionProperties) = preSolution
		HideSolutionNode = FALSE
	EndGlobalSection
	GlobalSection(NestedProjects) = preSolution
		{D9820356-FC4B-4117-BC23-551C088C4473} = {02EA681E-C7D8-13C7-8484-4AC65E1B71E8}
		{2BDD1269-7599-E631-F6E1-2AF26949593D} = {02EA681E-C7D8-13C7-8484-4AC65E1B71E8}
		{215261AF-5DAE-479F-8C6B-4B38537B2E95} = {78C1EF7A-6E67-4147-9185-4D9076FB41D8}
		{D8AB54DD-2FD9-4FCC-B12C-C43B90CF346D} = {215261AF-5DAE-479F-8C6B-4B38537B2E95}
		{C6772C01-CDA7-4200-84C6-3DCFCDF81D72} = {215261AF-5DAE-479F-8C6B-4B38537B2E95}
		{EFE12FAD-C226-4B96-AA89-A6C3C0924B87} = {D8AB54DD-2FD9-4FCC-B12C-C43B90CF346D}
		{6D52A9BB-66BC-41DD-994E-59EEE33EFD88} = {78C1EF7A-6E67-4147-9185-4D9076FB41D8}
		{1E5943CA-F64F-40DC-B8BD-87CBB77E29A7} = {6D52A9BB-66BC-41DD-994E-59EEE33EFD88}
	EndGlobalSection
	GlobalSection(ExtensibilityGlobals) = postSolution
		SolutionGuid = {6BA503B6-C360-4B1E-B428-B1B1F1CC513B}
	EndGlobalSection
EndGlobal
